# THIS IS AN AUTOGENERATED FILE. DO NOT EDIT THIS FILE DIRECTLY.
# yarn lockfile v1


"@antv/adjust@~0.1.1":
  version "0.1.1"
  resolved "https://registry-npm.rd.chanjet.com/@antv/adjust/download/@antv/adjust-0.1.1.tgz#e263ab0e1a1941a648842fc086cf65a7e3b75e98"
  integrity sha1-4mOrDhoZQaZIhC/Ahs9lp+O3Xpg=
  dependencies:
    "@antv/util" "~1.3.1"

"@antv/f2-context@~0.0.0":
  version "0.0.1"
  resolved "https://registry-npm.rd.chanjet.com/@antv/f2-context/download/@antv/f2-context-0.0.1.tgz#e42287fbcdc2ce3985d6d30b9f52ca8dbacea234"
  integrity sha1-5CKH+83CzjmF1tMLn1LKjbrOojQ=

"@antv/f2@~3.6.0":
  version "3.6.4"
  resolved "https://registry-npm.rd.chanjet.com/@antv/f2/download/@antv/f2-3.6.4.tgz#c751085f35eed190d1a24c0b43911582a02ce5f4"
  integrity sha1-x1EIXzXu0ZDRokwLQ5EVgqAs5fQ=
  dependencies:
    "@antv/adjust" "~0.1.1"
    "@antv/scale" "0.1.3"
    "@antv/util" "~2.0.6"
    "@babel/runtime" "^7.7.7"
    hammerjs "^2.0.8"

"@antv/gl-matrix@^2.7.1":
  version "2.7.1"
  resolved "https://registry-npm.rd.chanjet.com/@antv/gl-matrix/download/@antv/gl-matrix-2.7.1.tgz#acb8e37f7ab3df01345aba4372d7942be42eba14"
  integrity sha1-rLjjf3qz3wE0WrpDcteUK+QuuhQ=

"@antv/my-f2@2.1.4":
  version "2.1.4"
  resolved "https://registry-npm.rd.chanjet.com/@antv/my-f2/download/@antv/my-f2-2.1.4.tgz#7cca00f1c9e2af1ae48bc7ef67c3effe6fa3400e"
  integrity sha1-fMoA8cnirxrki8fvZ8Pv/m+jQA4=
  dependencies:
    "@antv/f2" "~3.6.0"
    "@antv/f2-context" "~0.0.0"

"@antv/scale@0.1.3":
  version "0.1.3"
  resolved "https://registry-npm.rd.chanjet.com/@antv/scale/download/@antv/scale-0.1.3.tgz#4876e6140cb7dcda190e7fe2e780882dcac6b09d"
  integrity sha1-SHbmFAy33NoZDn/i54CILcrGsJ0=
  dependencies:
    "@antv/util" "~1.3.1"
    fecha "~2.3.3"

"@antv/util@~1.3.1":
  version "1.3.1"
  resolved "https://registry-npm.rd.chanjet.com/@antv/util/download/@antv/util-1.3.1.tgz#30a34b201ff9126ec0d58c72c8166a9c3e644ccd"
  integrity sha1-MKNLIB/5Em7A1YxyyBZqnD5kTM0=
  dependencies:
    "@antv/gl-matrix" "^2.7.1"

"@antv/util@~2.0.6":
  version "2.0.13"
  resolved "https://registry-npm.rd.chanjet.com/@antv/util/download/@antv/util-2.0.13.tgz#7c2e701d89527116ec17cf5a400413c5c6afcb4d"
  integrity sha1-fC5wHYlScRbsF89aQAQTxcavy00=
  dependencies:
    tslib "^2.0.3"

"@babel/runtime@^7.7.7":
  version "7.14.0"
  resolved "https://registry-npm.rd.chanjet.com/@babel/runtime/download/@babel/runtime-7.14.0.tgz#46794bc20b612c5f75e62dd071e24dfd95f1cbe6"
  integrity sha1-RnlLwgthLF915i3QceJN/ZXxy+Y=
  dependencies:
    regenerator-runtime "^0.13.4"

fecha@~2.3.3:
  version "2.3.3"
  resolved "https://registry-npm.rd.chanjet.com/fecha/download/fecha-2.3.3.tgz#948e74157df1a32fd1b12c3a3c3cdcb6ec9d96cd"
  integrity sha1-lI50FX3xoy/RsSw6PDzctuydls0=

hammerjs@^2.0.8:
  version "2.0.8"
  resolved "https://registry-npm.rd.chanjet.com/hammerjs/download/hammerjs-2.0.8.tgz#04ef77862cff2bb79d30f7692095930222bf60f1"
  integrity sha1-BO93hiz/K7edMPdpIJWTAiK/YPE=

regenerator-runtime@^0.13.4:
  version "0.13.7"
  resolved "https://registry-npm.rd.chanjet.com/regenerator-runtime/download/regenerator-runtime-0.13.7.tgz#cac2dacc8a1ea675feaabaeb8ae833898ae46f55"
  integrity sha1-ysLazIoepnX+qrrriugziYrkb1U=

tslib@^2.0.3:
  version "2.2.0"
  resolved "https://registry-npm.rd.chanjet.com/tslib/download/tslib-2.2.0.tgz#fb2c475977e35e241311ede2693cee1ec6698f5c"
  integrity sha1-+yxHWXfjXiQTEe3iaTzuHsZpj1w=
